
Microsoft Visual Studio Solution File, Format Version 12.00
# Visual Studio Version 17
VisualStudioVersion = 17.0.32014.148
MinimumVisualStudioVersion = 10.0.40219.1
Project("{9A19103F-16F7-4668-BE54-9A1E7A4F7556}") = "Onnx.ShuffleNet", "Onnx.ShuffleNet\Onnx.ShuffleNet.csproj", "{94F6B4AA-FD49-4E97-BB94-DC72F259A14E}"
EndProject
Global
	GlobalSection(SolutionConfigurationPlatforms) = preSolution
		Debug|Any CPU = Debug|Any CPU
		Release|Any CPU = Release|Any CPU
	EndGlobalSection
	GlobalSection(ProjectConfigurationPlatforms) = postSolution
		{94F6B4AA-FD49-4E97-BB94-DC72F259A14E}.Debug|Any CPU.ActiveCfg = Debug|Any CPU
		{94F6B4AA-FD49-4E97-BB94-DC72F259A14E}.Debug|Any CPU.Build.0 = Debug|Any CPU
		{94F6B4AA-FD49-4E97-BB94-DC72F259A14E}.Release|Any CPU.ActiveCfg = Release|Any CPU
		{94F6B4AA-FD49-4E97-BB94-DC72F259A14E}.Release|Any CPU.Build.0 = Release|Any CPU
	EndGlobalSection
	GlobalSection(SolutionProperties) = preSolution
		HideSolutionNode = FALSE
	EndGlobalSection
	GlobalSection(ExtensibilityGlobals) = postSolution
		SolutionGuid = {50A4D2D6-1832-4FB8-A9E7-FE722663BB2D}
	EndGlobalSection
EndGlobal
